
Microsoft Visual Studio Solution File, Format Version 12.00
# Visual Studio 15
VisualStudioVersion = 15.0.27130.2020
MinimumVisualStudioVersion = 10.0.40219.1
Project("{FAE04EC0-301F-11D3-BF4B-00C04F79EFBC}") = "BOM Checker", "BOM Checker\BOM Checker.csproj", "{11F68C68-FB0C-4923-B70A-BC3FD5B59DFC}"
EndProject
Global
	GlobalSection(SolutionConfigurationPlatforms) = preSolution
		Debug|Any CPU = Debug|Any CPU
		Release|Any CPU = Release|Any CPU
	EndGlobalSection
	GlobalSection(ProjectConfigurationPlatforms) = postSolution
		{11F68C68-FB0C-4923-B70A-BC3FD5B59DFC}.Debug|Any CPU.ActiveCfg = Debug|Any CPU
		{11F68C68-FB0C-4923-B70A-BC3FD5B59DFC}.Debug|Any CPU.Build.0 = Debug|Any CPU
		{11F68C68-FB0C-4923-B70A-BC3FD5B59DFC}.Release|Any CPU.ActiveCfg = Release|Any CPU
		{11F68C68-FB0C-4923-B70A-BC3FD5B59DFC}.Release|Any CPU.Build.0 = Release|Any CPU
	EndGlobalSection
	GlobalSection(SolutionProperties) = preSolution
		HideSolutionNode = FALSE
	EndGlobalSection
	GlobalSection(ExtensibilityGlobals) = postSolution
		SolutionGuid = {AA47181F-9671-4F81-8F77-163D64CC4DE9}
	EndGlobalSection
EndGlobal
